// !$*UTF8*$!
{
	archiveVersion = 1;
	classes = {
	};
	objectVersion = 55;
	objects = {

/* Begin PBXBuildFile section */
		3085B98328E4A31F005A3B7C /* AppDelegate.swift in Sources */ = {isa = PBXBuildFile; fileRef = 3085B98228E4A31F005A3B7C /* AppDelegate.swift */; };
		3085B98728E4A31F005A3B7C /* SearchViewController.swift in Sources */ = {isa = PBXBuildFile; fileRef = 3085B98628E4A31F005A3B7C /* SearchViewController.swift */; };
		3085B98C28E4A326005A3B7C /* Assets.xcassets in Resources */ = {isa = PBXBuildFile; fileRef = 3085B98B28E4A326005A3B7C /* Assets.xcassets */; };
		3085B99A28E4A327005A3B7C /* Tantei_sanTests.swift in Sources */ = {isa = PBXBuildFile; fileRef = 3085B99928E4A327005A3B7C /* Tantei_sanTests.swift */; };
		3085B9A428E4A327005A3B7C /* Tantei_sanUITests.swift in Sources */ = {isa = PBXBuildFile; fileRef = 3085B9A328E4A327005A3B7C /* Tantei_sanUITests.swift */; };
		3085B9A628E4A327005A3B7C /* Tantei_sanUITestsLaunchTests.swift in Sources */ = {isa = PBXBuildFile; fileRef = 3085B9A528E4A327005A3B7C /* Tantei_sanUITestsLaunchTests.swift */; };
		3085B9C028E4A4B1005A3B7C /* ViewState.swift in Sources */ = {isa = PBXBuildFile; fileRef = 3085B9BF28E4A4B1005A3B7C /* ViewState.swift */; };
		3085B9C228E4A4D4005A3B7C /* RequestDelegate.swift in Sources */ = {isa = PBXBuildFile; fileRef = 3085B9C128E4A4D4005A3B7C /* RequestDelegate.swift */; };
		3085B9C428E4A518005A3B7C /* Trace.swift in Sources */ = {isa = PBXBuildFile; fileRef = 3085B9C328E4A518005A3B7C /* Trace.swift */; };
		3085B9C728E4A57F005A3B7C /* AnimeError.swift in Sources */ = {isa = PBXBuildFile; fileRef = 3085B9C628E4A57F005A3B7C /* AnimeError.swift */; };
		3085B9C928E4A5A1005A3B7C /* AnimeService.swift in Sources */ = {isa = PBXBuildFile; fileRef = 3085B9C828E4A5A1005A3B7C /* AnimeService.swift */; };
		3085B9CC28E4A5DD005A3B7C /* SearchViewModel.swift in Sources */ = {isa = PBXBuildFile; fileRef = 3085B9CB28E4A5DD005A3B7C /* SearchViewModel.swift */; };
		3085B9CF28E4A960005A3B7C /* SnapKit in Frameworks */ = {isa = PBXBuildFile; productRef = 3085B9CE28E4A960005A3B7C /* SnapKit */; };
		3085B9D228E4A9D3005A3B7C /* SearchCell.swift in Sources */ = {isa = PBXBuildFile; fileRef = 3085B9D128E4A9D3005A3B7C /* SearchCell.swift */; };
		3085B9D528E4AB0D005A3B7C /* Kingfisher in Frameworks */ = {isa = PBXBuildFile; productRef = 3085B9D428E4AB0D005A3B7C /* Kingfisher */; };
		3085B9DB28E4B5A8005A3B7C /* Coordinator.swift in Sources */ = {isa = PBXBuildFile; fileRef = 3085B9DA28E4B5A8005A3B7C /* Coordinator.swift */; };
		3085B9DD28E4B5E2005A3B7C /* SearchCoordinator.swift in Sources */ = {isa = PBXBuildFile; fileRef = 3085B9DC28E4B5E2005A3B7C /* SearchCoordinator.swift */; };
		3085B9DF28E4B629005A3B7C /* RootViewCoordinator.swift in Sources */ = {isa = PBXBuildFile; fileRef = 3085B9DE28E4B629005A3B7C /* RootViewCoordinator.swift */; };
		3085B9E128E4B679005A3B7C /* AppCoordinator.swift in Sources */ = {isa = PBXBuildFile; fileRef = 3085B9E028E4B679005A3B7C /* AppCoordinator.swift */; };
		3085B9E428E4B6F9005A3B7C /* SplashViewController.swift in Sources */ = {isa = PBXBuildFile; fileRef = 3085B9E328E4B6F9005A3B7C /* SplashViewController.swift */; };
		3085B9EC28E4BEED005A3B7C /* LaunchScreen.storyboard in Resources */ = {isa = PBXBuildFile; fileRef = 3085B9E928E4BEED005A3B7C /* LaunchScreen.storyboard */; };
		30B13FC928E7DF3000051A3E /* KingfisherWebP in Frameworks */ = {isa = PBXBuildFile; productRef = 30B13FC828E7DF3000051A3E /* KingfisherWebP */; };
		30B13FCC28E7E04500051A3E /* DashboardViewController.swift in Sources */ = {isa = PBXBuildFile; fileRef = 30B13FCB28E7E04500051A3E /* DashboardViewController.swift */; };
		30B13FCE28E7E07D00051A3E /* DashboardViewModel.swift in Sources */ = {isa = PBXBuildFile; fileRef = 30B13FCD28E7E07D00051A3E /* DashboardViewModel.swift */; };
		30B13FD028E7E3CD00051A3E /* AnimeService+Trace.swift in Sources */ = {isa = PBXBuildFile; fileRef = 30B13FCF28E7E3CD00051A3E /* AnimeService+Trace.swift */; };
		30B13FD528E7F9EB00051A3E /* UIFont++.swift in Sources */ = {isa = PBXBuildFile; fileRef = 30B13FD428E7F9EB00051A3E /* UIFont++.swift */; };
		30C11DCA28E759D60075B29B /* MockData.swift in Sources */ = {isa = PBXBuildFile; fileRef = 30C11DC928E759D60075B29B /* MockData.swift */; };
		30C11DD428E770220075B29B /* InterTight-Regular.ttf in Resources */ = {isa = PBXBuildFile; fileRef = 30C11DCF28E770220075B29B /* InterTight-Regular.ttf */; };
		30C11DD528E770220075B29B /* InterTight-Light.ttf in Resources */ = {isa = PBXBuildFile; fileRef = 30C11DD028E770220075B29B /* InterTight-Light.ttf */; };
		30C11DD628E770220075B29B /* InterTight-Thin.ttf in Resources */ = {isa = PBXBuildFile; fileRef = 30C11DD128E770220075B29B /* InterTight-Thin.ttf */; };
		30C11DD728E770220075B29B /* InterTight-Bold.ttf in Resources */ = {isa = PBXBuildFile; fileRef = 30C11DD228E770220075B29B /* InterTight-Bold.ttf */; };
		30C11DD828E770220075B29B /* InterTight-Medium.ttf in Resources */ = {isa = PBXBuildFile; fileRef = 30C11DD328E770220075B29B /* InterTight-Medium.ttf */; };
		30EAE0F128E5F1D6007805B0 /* UITableView++.swift in Sources */ = {isa = PBXBuildFile; fileRef = 30EAE0F028E5F1D6007805B0 /* UITableView++.swift */; };
		30EAE0F328E5F202007805B0 /* UITableViewCell++.swift in Sources */ = {isa = PBXBuildFile; fileRef = 30EAE0F228E5F202007805B0 /* UITableViewCell++.swift */; };
		30EAE0F728E5FF75007805B0 /* Array++.swift in Sources */ = {isa = PBXBuildFile; fileRef = 30EAE0F628E5FF75007805B0 /* Array++.swift */; };
		30FC698128E71965004DD3CD /* UIColor++.swift in Sources */ = {isa = PBXBuildFile; fileRef = 30FC698028E71965004DD3CD /* UIColor++.swift */; };
		30FC698D28E73535004DD3CD /* Reachability.swift in Sources */ = {isa = PBXBuildFile; fileRef = 30FC698C28E73535004DD3CD /* Reachability.swift */; };
		30FC699128E73E95004DD3CD /* URLRequest++.swift in Sources */ = {isa = PBXBuildFile; fileRef = 30FC699028E73E95004DD3CD /* URLRequest++.swift */; };
/* End PBXBuildFile section */

/* Begin PBXContainerItemProxy section */
		3085B99628E4A327005A3B7C /* PBXContainerItemProxy */ = {
			isa = PBXContainerItemProxy;
			containerPortal = 3085B97728E4A31F005A3B7C /* Project object */;
			proxyType = 1;
			remoteGlobalIDString = 3085B97E28E4A31F005A3B7C;
			remoteInfo = "Tantei-san";
		};
		3085B9A028E4A327005A3B7C /* PBXContainerItemProxy */ = {
			isa = PBXContainerItemProxy;
			containerPortal = 3085B97728E4A31F005A3B7C /* Project object */;
			proxyType = 1;
			remoteGlobalIDString = 3085B97E28E4A31F005A3B7C;
			remoteInfo = "Tantei-san";
		};
/* End PBXContainerItemProxy section */

/* Begin PBXFileReference section */
		3085B97F28E4A31F005A3B7C /* Tantei-san.app */ = {isa = PBXFileReference; explicitFileType = wrapper.application; includeInIndex = 0; path = "Tantei-san.app"; sourceTree = BUILT_PRODUCTS_DIR; };
		3085B98228E4A31F005A3B7C /* AppDelegate.swift */ = {isa = PBXFileReference; lastKnownFileType = sourcecode.swift; path = AppDelegate.swift; sourceTree = "<group>"; };
		3085B98628E4A31F005A3B7C /* SearchViewController.swift */ = {isa = PBXFileReference; lastKnownFileType = sourcecode.swift; path = SearchViewController.swift; sourceTree = "<group>"; };
		3085B98B28E4A326005A3B7C /* Assets.xcassets */ = {isa = PBXFileReference; lastKnownFileType = folder.assetcatalog; path = Assets.xcassets; sourceTree = "<group>"; };
		3085B99028E4A326005A3B7C /* Info.plist */ = {isa = PBXFileReference; lastKnownFileType = text.plist.xml; path = Info.plist; sourceTree = "<group>"; };
		3085B99528E4A327005A3B7C /* Tantei-sanTests.xctest */ = {isa = PBXFileReference; explicitFileType = wrapper.cfbundle; includeInIndex = 0; path = "Tantei-sanTests.xctest"; sourceTree = BUILT_PRODUCTS_DIR; };
		3085B99928E4A327005A3B7C /* Tantei_sanTests.swift */ = {isa = PBXFileReference; lastKnownFileType = sourcecode.swift; path = Tantei_sanTests.swift; sourceTree = "<group>"; };
		3085B99F28E4A327005A3B7C /* Tantei-sanUITests.xctest */ = {isa = PBXFileReference; explicitFileType = wrapper.cfbundle; includeInIndex = 0; path = "Tantei-sanUITests.xctest"; sourceTree = BUILT_PRODUCTS_DIR; };
		3085B9A328E4A327005A3B7C /* Tantei_sanUITests.swift */ = {isa = PBXFileReference; lastKnownFileType = sourcecode.swift; path = Tantei_sanUITests.swift; sourceTree = "<group>"; };
		3085B9A528E4A327005A3B7C /* Tantei_sanUITestsLaunchTests.swift */ = {isa = PBXFileReference; lastKnownFileType = sourcecode.swift; path = Tantei_sanUITestsLaunchTests.swift; sourceTree = "<group>"; };
		3085B9BF28E4A4B1005A3B7C /* ViewState.swift */ = {isa = PBXFileReference; lastKnownFileType = sourcecode.swift; path = ViewState.swift; sourceTree = "<group>"; };
		3085B9C128E4A4D4005A3B7C /* RequestDelegate.swift */ = {isa = PBXFileReference; lastKnownFileType = sourcecode.swift; path = RequestDelegate.swift; sourceTree = "<group>"; };
		3085B9C328E4A518005A3B7C /* Trace.swift */ = {isa = PBXFileReference; lastKnownFileType = sourcecode.swift; path = Trace.swift; sourceTree = "<group>"; };
		3085B9C628E4A57F005A3B7C /* AnimeError.swift */ = {isa = PBXFileReference; lastKnownFileType = sourcecode.swift; path = AnimeError.swift; sourceTree = "<group>"; };
		3085B9C828E4A5A1005A3B7C /* AnimeService.swift */ = {isa = PBXFileReference; lastKnownFileType = sourcecode.swift; path = AnimeService.swift; sourceTree = "<group>"; };
		3085B9CB28E4A5DD005A3B7C /* SearchViewModel.swift */ = {isa = PBXFileReference; lastKnownFileType = sourcecode.swift; path = SearchViewModel.swift; sourceTree = "<group>"; };
		3085B9D128E4A9D3005A3B7C /* SearchCell.swift */ = {isa = PBXFileReference; lastKnownFileType = sourcecode.swift; path = SearchCell.swift; sourceTree = "<group>"; };
		3085B9DA28E4B5A8005A3B7C /* Coordinator.swift */ = {isa = PBXFileReference; lastKnownFileType = sourcecode.swift; path = Coordinator.swift; sourceTree = "<group>"; };
		3085B9DC28E4B5E2005A3B7C /* SearchCoordinator.swift */ = {isa = PBXFileReference; lastKnownFileType = sourcecode.swift; path = SearchCoordinator.swift; sourceTree = "<group>"; };
		3085B9DE28E4B629005A3B7C /* RootViewCoordinator.swift */ = {isa = PBXFileReference; lastKnownFileType = sourcecode.swift; path = RootViewCoordinator.swift; sourceTree = "<group>"; };
		3085B9E028E4B679005A3B7C /* AppCoordinator.swift */ = {isa = PBXFileReference; lastKnownFileType = sourcecode.swift; path = AppCoordinator.swift; sourceTree = "<group>"; };
		3085B9E328E4B6F9005A3B7C /* SplashViewController.swift */ = {isa = PBXFileReference; lastKnownFileType = sourcecode.swift; path = SplashViewController.swift; sourceTree = "<group>"; };
		3085B9EA28E4BEED005A3B7C /* Base */ = {isa = PBXFileReference; lastKnownFileType = file.storyboard; name = Base; path = Base.lproj/LaunchScreen.storyboard; sourceTree = "<group>"; };
		30B13FCB28E7E04500051A3E /* DashboardViewController.swift */ = {isa = PBXFileReference; lastKnownFileType = sourcecode.swift; path = DashboardViewController.swift; sourceTree = "<group>"; };
		30B13FCD28E7E07D00051A3E /* DashboardViewModel.swift */ = {isa = PBXFileReference; lastKnownFileType = sourcecode.swift; path = DashboardViewModel.swift; sourceTree = "<group>"; };
		30B13FCF28E7E3CD00051A3E /* AnimeService+Trace.swift */ = {isa = PBXFileReference; lastKnownFileType = sourcecode.swift; path = "AnimeService+Trace.swift"; sourceTree = "<group>"; };
		30B13FD428E7F9EB00051A3E /* UIFont++.swift */ = {isa = PBXFileReference; lastKnownFileType = sourcecode.swift; path = "UIFont++.swift"; sourceTree = "<group>"; };
		30C11DC928E759D60075B29B /* MockData.swift */ = {isa = PBXFileReference; lastKnownFileType = sourcecode.swift; path = MockData.swift; sourceTree = "<group>"; };
		30C11DCF28E770220075B29B /* InterTight-Regular.ttf */ = {isa = PBXFileReference; lastKnownFileType = file; name = "InterTight-Regular.ttf"; path = "Tantei-san/Resources/InterTight/InterTight-Regular.ttf"; sourceTree = SOURCE_ROOT; };
		30C11DD028E770220075B29B /* InterTight-Light.ttf */ = {isa = PBXFileReference; lastKnownFileType = file; name = "InterTight-Light.ttf"; path = "Tantei-san/Resources/InterTight/InterTight-Light.ttf"; sourceTree = SOURCE_ROOT; };
		30C11DD128E770220075B29B /* InterTight-Thin.ttf */ = {isa = PBXFileReference; lastKnownFileType = file; name = "InterTight-Thin.ttf"; path = "Tantei-san/Resources/InterTight/InterTight-Thin.ttf"; sourceTree = SOURCE_ROOT; };
		30C11DD228E770220075B29B /* InterTight-Bold.ttf */ = {isa = PBXFileReference; lastKnownFileType = file; name = "InterTight-Bold.ttf"; path = "Tantei-san/Resources/InterTight/InterTight-Bold.ttf"; sourceTree = SOURCE_ROOT; };
		30C11DD328E770220075B29B /* InterTight-Medium.ttf */ = {isa = PBXFileReference; lastKnownFileType = file; name = "InterTight-Medium.ttf"; path = "Tantei-san/Resources/InterTight/InterTight-Medium.ttf"; sourceTree = SOURCE_ROOT; };
		30EAE0F028E5F1D6007805B0 /* UITableView++.swift */ = {isa = PBXFileReference; lastKnownFileType = sourcecode.swift; path = "UITableView++.swift"; sourceTree = "<group>"; };
		30EAE0F228E5F202007805B0 /* UITableViewCell++.swift */ = {isa = PBXFileReference; lastKnownFileType = sourcecode.swift; path = "UITableViewCell++.swift"; sourceTree = "<group>"; };
		30EAE0F628E5FF75007805B0 /* Array++.swift */ = {isa = PBXFileReference; lastKnownFileType = sourcecode.swift; path = "Array++.swift"; sourceTree = "<group>"; };
		30FC698028E71965004DD3CD /* UIColor++.swift */ = {isa = PBXFileReference; lastKnownFileType = sourcecode.swift; path = "UIColor++.swift"; sourceTree = "<group>"; };
		30FC698C28E73535004DD3CD /* Reachability.swift */ = {isa = PBXFileReference; lastKnownFileType = sourcecode.swift; path = Reachability.swift; sourceTree = "<group>"; };
		30FC699028E73E95004DD3CD /* URLRequest++.swift */ = {isa = PBXFileReference; lastKnownFileType = sourcecode.swift; path = "URLRequest++.swift"; sourceTree = "<group>"; };
/* End PBXFileReference section */

/* Begin PBXFrameworksBuildPhase section */
		3085B97C28E4A31F005A3B7C /* Frameworks */ = {
			isa = PBXFrameworksBuildPhase;
			buildActionMask = 2147483647;
			files = (
				3085B9D528E4AB0D005A3B7C /* Kingfisher in Frameworks */,
				3085B9CF28E4A960005A3B7C /* SnapKit in Frameworks */,
				30B13FC928E7DF3000051A3E /* KingfisherWebP in Frameworks */,
			);
			runOnlyForDeploymentPostprocessing = 0;
		};
		3085B99228E4A327005A3B7C /* Frameworks */ = {
			isa = PBXFrameworksBuildPhase;
			buildActionMask = 2147483647;
			files = (
			);
			runOnlyForDeploymentPostprocessing = 0;
		};
		3085B99C28E4A327005A3B7C /* Frameworks */ = {
			isa = PBXFrameworksBuildPhase;
			buildActionMask = 2147483647;
			files = (
			);
			runOnlyForDeploymentPostprocessing = 0;
		};
/* End PBXFrameworksBuildPhase section */

/* Begin PBXGroup section */
		3085B97628E4A31F005A3B7C = {
			isa = PBXGroup;
			children = (
				3085B98128E4A31F005A3B7C /* Tantei-san */,
				3085B99828E4A327005A3B7C /* Tantei-sanTests */,
				3085B9A228E4A327005A3B7C /* Tantei-sanUITests */,
				3085B98028E4A31F005A3B7C /* Products */,
			);
			sourceTree = "<group>";
		};
		3085B98028E4A31F005A3B7C /* Products */ = {
			isa = PBXGroup;
			children = (
				3085B97F28E4A31F005A3B7C /* Tantei-san.app */,
				3085B99528E4A327005A3B7C /* Tantei-sanTests.xctest */,
				3085B99F28E4A327005A3B7C /* Tantei-sanUITests.xctest */,
			);
			name = Products;
			sourceTree = "<group>";
		};
		3085B98128E4A31F005A3B7C /* Tantei-san */ = {
			isa = PBXGroup;
			children = (
				30C11DC828E759BD0075B29B /* Mock */,
				3085B9D928E4B580005A3B7C /* Coordinators */,
				3085B9BC28E4A419005A3B7C /* Services */,
				3085B9BB28E4A412005A3B7C /* Configs */,
				3085B9BA28E4A40C005A3B7C /* Core */,
				3085B9B928E4A406005A3B7C /* Models */,
				3085B9B828E4A3F9005A3B7C /* Resources */,
				3085B9B728E4A3F1005A3B7C /* Utils */,
				3085B9B628E4A3E9005A3B7C /* Views */,
				3085B9B528E4A3DD005A3B7C /* ViewControllers */,
				3085B98B28E4A326005A3B7C /* Assets.xcassets */,
				3085B9E928E4BEED005A3B7C /* LaunchScreen.storyboard */,
				3085B99028E4A326005A3B7C /* Info.plist */,
			);
			path = "Tantei-san";
			sourceTree = "<group>";
		};
		3085B99828E4A327005A3B7C /* Tantei-sanTests */ = {
			isa = PBXGroup;
			children = (
				3085B99928E4A327005A3B7C /* Tantei_sanTests.swift */,
			);
			path = "Tantei-sanTests";
			sourceTree = "<group>";
		};
		3085B9A228E4A327005A3B7C /* Tantei-sanUITests */ = {
			isa = PBXGroup;
			children = (
				3085B9A328E4A327005A3B7C /* Tantei_sanUITests.swift */,
				3085B9A528E4A327005A3B7C /* Tantei_sanUITestsLaunchTests.swift */,
			);
			path = "Tantei-sanUITests";
			sourceTree = "<group>";
		};
		3085B9B528E4A3DD005A3B7C /* ViewControllers */ = {
			isa = PBXGroup;
			children = (
				30B13FCA28E7E02A00051A3E /* Dashboard */,
				3085B9E228E4B6E1005A3B7C /* Splash */,
				3085B9CA28E4A5C3005A3B7C /* Search */,
			);
			path = ViewControllers;
			sourceTree = "<group>";
		};
		3085B9B628E4A3E9005A3B7C /* Views */ = {
			isa = PBXGroup;
			children = (
				3085B9D028E4A9B7005A3B7C /* Search */,
			);
			path = Views;
			sourceTree = "<group>";
		};
		3085B9B728E4A3F1005A3B7C /* Utils */ = {
			isa = PBXGroup;
			children = (
				3085B9D628E4AF33005A3B7C /* Extensions */,
				3085B9BE28E4A49F005A3B7C /* State */,
				3085B9BD28E4A494005A3B7C /* Helpers */,
			);
			path = Utils;
			sourceTree = "<group>";
		};
		3085B9B828E4A3F9005A3B7C /* Resources */ = {
			isa = PBXGroup;
			children = (
				30FC698228E71C81004DD3CD /* Fonts */,
			);
			path = Resources;
			sourceTree = "<group>";
		};
		3085B9B928E4A406005A3B7C /* Models */ = {
			isa = PBXGroup;
			children = (
				3085B9C328E4A518005A3B7C /* Trace.swift */,
			);
			path = Models;
			sourceTree = "<group>";
		};
		3085B9BA28E4A40C005A3B7C /* Core */ = {
			isa = PBXGroup;
			children = (
				3085B98228E4A31F005A3B7C /* AppDelegate.swift */,
			);
			path = Core;
			sourceTree = "<group>";
		};
		3085B9BB28E4A412005A3B7C /* Configs */ = {
			isa = PBXGroup;
			children = (
			);
			path = Configs;
			sourceTree = "<group>";
		};
		3085B9BC28E4A419005A3B7C /* Services */ = {
			isa = PBXGroup;
			children = (
				3085B9C528E4A54B005A3B7C /* Anime */,
			);
			path = Services;
			sourceTree = "<group>";
		};
		3085B9BD28E4A494005A3B7C /* Helpers */ = {
			isa = PBXGroup;
			children = (
				3085B9C128E4A4D4005A3B7C /* RequestDelegate.swift */,
				30FC698C28E73535004DD3CD /* Reachability.swift */,
			);
			path = Helpers;
			sourceTree = "<group>";
		};
		3085B9BE28E4A49F005A3B7C /* State */ = {
			isa = PBXGroup;
			children = (
				3085B9BF28E4A4B1005A3B7C /* ViewState.swift */,
			);
			path = State;
			sourceTree = "<group>";
		};
		3085B9C528E4A54B005A3B7C /* Anime */ = {
			isa = PBXGroup;
			children = (
				3085B9C628E4A57F005A3B7C /* AnimeError.swift */,
				3085B9C828E4A5A1005A3B7C /* AnimeService.swift */,
				30B13FCF28E7E3CD00051A3E /* AnimeService+Trace.swift */,
			);
			path = Anime;
			sourceTree = "<group>";
		};
		3085B9CA28E4A5C3005A3B7C /* Search */ = {
			isa = PBXGroup;
			children = (
				3085B98628E4A31F005A3B7C /* SearchViewController.swift */,
				3085B9CB28E4A5DD005A3B7C /* SearchViewModel.swift */,
			);
			path = Search;
			sourceTree = "<group>";
		};
		3085B9D028E4A9B7005A3B7C /* Search */ = {
			isa = PBXGroup;
			children = (
				3085B9D128E4A9D3005A3B7C /* SearchCell.swift */,
			);
			path = Search;
			sourceTree = "<group>";
		};
		3085B9D628E4AF33005A3B7C /* Extensions */ = {
			isa = PBXGroup;
			children = (
				30EAE0F028E5F1D6007805B0 /* UITableView++.swift */,
				30EAE0F228E5F202007805B0 /* UITableViewCell++.swift */,
				30EAE0F628E5FF75007805B0 /* Array++.swift */,
				30FC698028E71965004DD3CD /* UIColor++.swift */,
				30FC699028E73E95004DD3CD /* URLRequest++.swift */,
				30B13FD428E7F9EB00051A3E /* UIFont++.swift */,
			);
			path = Extensions;
			sourceTree = "<group>";
		};
		3085B9D928E4B580005A3B7C /* Coordinators */ = {
			isa = PBXGroup;
			children = (
				3085B9DA28E4B5A8005A3B7C /* Coordinator.swift */,
				3085B9DC28E4B5E2005A3B7C /* SearchCoordinator.swift */,
				3085B9DE28E4B629005A3B7C /* RootViewCoordinator.swift */,
				3085B9E028E4B679005A3B7C /* AppCoordinator.swift */,
			);
			path = Coordinators;
			sourceTree = "<group>";
		};
		3085B9E228E4B6E1005A3B7C /* Splash */ = {
			isa = PBXGroup;
			children = (
				3085B9E328E4B6F9005A3B7C /* SplashViewController.swift */,
			);
			path = Splash;
			sourceTree = "<group>";
		};
		30B13FCA28E7E02A00051A3E /* Dashboard */ = {
			isa = PBXGroup;
			children = (
				30B13FCB28E7E04500051A3E /* DashboardViewController.swift */,
				30B13FCD28E7E07D00051A3E /* DashboardViewModel.swift */,
			);
			path = Dashboard;
			sourceTree = "<group>";
		};
		30C11DC828E759BD0075B29B /* Mock */ = {
			isa = PBXGroup;
			children = (
				30C11DC928E759D60075B29B /* MockData.swift */,
			);
			path = Mock;
			sourceTree = "<group>";
		};
		30FC698228E71C81004DD3CD /* Fonts */ = {
			isa = PBXGroup;
			children = (
				30FC698328E71C90004DD3CD /* InterTight */,
			);
			path = Fonts;
			sourceTree = "<group>";
		};
		30FC698328E71C90004DD3CD /* InterTight */ = {
			isa = PBXGroup;
			children = (
				30C11DD228E770220075B29B /* InterTight-Bold.ttf */,
				30C11DD028E770220075B29B /* InterTight-Light.ttf */,
				30C11DD328E770220075B29B /* InterTight-Medium.ttf */,
				30C11DCF28E770220075B29B /* InterTight-Regular.ttf */,
				30C11DD128E770220075B29B /* InterTight-Thin.ttf */,
			);
			path = InterTight;
			sourceTree = "<group>";
		};
/* End PBXGroup section */

/* Begin PBXNativeTarget section */
		3085B97E28E4A31F005A3B7C /* Tantei-san */ = {
			isa = PBXNativeTarget;
			buildConfigurationList = 3085B9A928E4A327005A3B7C /* Build configuration list for PBXNativeTarget "Tantei-san" */;
			buildPhases = (
				3085B97B28E4A31F005A3B7C /* Sources */,
				3085B97C28E4A31F005A3B7C /* Frameworks */,
				3085B97D28E4A31F005A3B7C /* Resources */,
			);
			buildRules = (
			);
			dependencies = (
			);
			name = "Tantei-san";
			packageProductDependencies = (
				3085B9CE28E4A960005A3B7C /* SnapKit */,
				3085B9D428E4AB0D005A3B7C /* Kingfisher */,
				30B13FC828E7DF3000051A3E /* KingfisherWebP */,
			);
			productName = "Tantei-san";
			productReference = 3085B97F28E4A31F005A3B7C /* Tantei-san.app */;
			productType = "com.apple.product-type.application";
		};
		3085B99428E4A327005A3B7C /* Tantei-sanTests */ = {
			isa = PBXNativeTarget;
			buildConfigurationList = 3085B9AC28E4A327005A3B7C /* Build configuration list for PBXNativeTarget "Tantei-sanTests" */;
			buildPhases = (
				3085B99128E4A327005A3B7C /* Sources */,
				3085B99228E4A327005A3B7C /* Frameworks */,
				3085B99328E4A327005A3B7C /* Resources */,
			);
			buildRules = (
			);
			dependencies = (
				3085B99728E4A327005A3B7C /* PBXTargetDependency */,
			);
			name = "Tantei-sanTests";
			productName = "Tantei-sanTests";
			productReference = 3085B99528E4A327005A3B7C /* Tantei-sanTests.xctest */;
			productType = "com.apple.product-type.bundle.unit-test";
		};
		3085B99E28E4A327005A3B7C /* Tantei-sanUITests */ = {
			isa = PBXNativeTarget;
			buildConfigurationList = 3085B9AF28E4A327005A3B7C /* Build configuration list for PBXNativeTarget "Tantei-sanUITests" */;
			buildPhases = (
				3085B99B28E4A327005A3B7C /* Sources */,
				3085B99C28E4A327005A3B7C /* Frameworks */,
				3085B99D28E4A327005A3B7C /* Resources */,
			);
			buildRules = (
			);
			dependencies = (
				3085B9A128E4A327005A3B7C /* PBXTargetDependency */,
			);
			name = "Tantei-sanUITests";
			productName = "Tantei-sanUITests";
			productReference = 3085B99F28E4A327005A3B7C /* Tantei-sanUITests.xctest */;
			productType = "com.apple.product-type.bundle.ui-testing";
		};
/* End PBXNativeTarget section */

/* Begin PBXProject section */
		3085B97728E4A31F005A3B7C /* Project object */ = {
			isa = PBXProject;
			attributes = {
				BuildIndependentTargetsInParallel = 1;
				LastSwiftUpdateCheck = 1340;
				LastUpgradeCheck = 1340;
				TargetAttributes = {
					3085B97E28E4A31F005A3B7C = {
						CreatedOnToolsVersion = 13.4.1;
					};
					3085B99428E4A327005A3B7C = {
						CreatedOnToolsVersion = 13.4.1;
						TestTargetID = 3085B97E28E4A31F005A3B7C;
					};
					3085B99E28E4A327005A3B7C = {
						CreatedOnToolsVersion = 13.4.1;
						TestTargetID = 3085B97E28E4A31F005A3B7C;
					};
				};
			};
			buildConfigurationList = 3085B97A28E4A31F005A3B7C /* Build configuration list for PBXProject "Tantei-san" */;
			compatibilityVersion = "Xcode 13.0";
			developmentRegion = en;
			hasScannedForEncodings = 0;
			knownRegions = (
				en,
				Base,
			);
			mainGroup = 3085B97628E4A31F005A3B7C;
			packageReferences = (
				3085B9CD28E4A960005A3B7C /* XCRemoteSwiftPackageReference "SnapKit" */,
				3085B9D328E4AB0D005A3B7C /* XCRemoteSwiftPackageReference "Kingfisher" */,
				30B13FC728E7DF3000051A3E /* XCRemoteSwiftPackageReference "KingfisherWebP" */,
			);
			productRefGroup = 3085B98028E4A31F005A3B7C /* Products */;
			projectDirPath = "";
			projectRoot = "";
			targets = (
				3085B97E28E4A31F005A3B7C /* Tantei-san */,
				3085B99428E4A327005A3B7C /* Tantei-sanTests */,
				3085B99E28E4A327005A3B7C /* Tantei-sanUITests */,
			);
		};
/* End PBXProject section */

/* Begin PBXResourcesBuildPhase section */
		3085B97D28E4A31F005A3B7C /* Resources */ = {
			isa = PBXResourcesBuildPhase;
			buildActionMask = 2147483647;
			files = (
				3085B9EC28E4BEED005A3B7C /* LaunchScreen.storyboard in Resources */,
				30C11DD428E770220075B29B /* InterTight-Regular.ttf in Resources */,
				3085B98C28E4A326005A3B7C /* Assets.xcassets in Resources */,
				30C11DD628E770220075B29B /* InterTight-Thin.ttf in Resources */,
				30C11DD828E770220075B29B /* InterTight-Medium.ttf in Resources */,
				30C11DD528E770220075B29B /* InterTight-Light.ttf in Resources */,
				30C11DD728E770220075B29B /* InterTight-Bold.ttf in Resources */,
			);
			runOnlyForDeploymentPostprocessing = 0;
		};
		3085B99328E4A327005A3B7C /* Resources */ = {
			isa = PBXResourcesBuildPhase;
			buildActionMask = 2147483647;
			files = (
			);
			runOnlyForDeploymentPostprocessing = 0;
		};
		3085B99D28E4A327005A3B7C /* Resources */ = {
			isa = PBXResourcesBuildPhase;
			buildActionMask = 2147483647;
			files = (
			);
			runOnlyForDeploymentPostprocessing = 0;
		};
/* End PBXResourcesBuildPhase section */

/* Begin PBXSourcesBuildPhase section */
		3085B97B28E4A31F005A3B7C /* Sources */ = {
			isa = PBXSourcesBuildPhase;
			buildActionMask = 2147483647;
			files = (
				30B13FD028E7E3CD00051A3E /* AnimeService+Trace.swift in Sources */,
				3085B9C928E4A5A1005A3B7C /* AnimeService.swift in Sources */,
				3085B9D228E4A9D3005A3B7C /* SearchCell.swift in Sources */,
				30FC698D28E73535004DD3CD /* Reachability.swift in Sources */,
				30EAE0F128E5F1D6007805B0 /* UITableView++.swift in Sources */,
				3085B9C728E4A57F005A3B7C /* AnimeError.swift in Sources */,
				3085B98728E4A31F005A3B7C /* SearchViewController.swift in Sources */,
				3085B9DD28E4B5E2005A3B7C /* SearchCoordinator.swift in Sources */,
				3085B98328E4A31F005A3B7C /* AppDelegate.swift in Sources */,
				3085B9E128E4B679005A3B7C /* AppCoordinator.swift in Sources */,
				3085B9C428E4A518005A3B7C /* Trace.swift in Sources */,
				30EAE0F328E5F202007805B0 /* UITableViewCell++.swift in Sources */,
				3085B9DB28E4B5A8005A3B7C /* Coordinator.swift in Sources */,
				3085B9E428E4B6F9005A3B7C /* SplashViewController.swift in Sources */,
				3085B9C028E4A4B1005A3B7C /* ViewState.swift in Sources */,
				3085B9CC28E4A5DD005A3B7C /* SearchViewModel.swift in Sources */,
				30B13FCE28E7E07D00051A3E /* DashboardViewModel.swift in Sources */,
				3085B9DF28E4B629005A3B7C /* RootViewCoordinator.swift in Sources */,
				30B13FD528E7F9EB00051A3E /* UIFont++.swift in Sources */,
				30EAE0F728E5FF75007805B0 /* Array++.swift in Sources */,
				3085B9C228E4A4D4005A3B7C /* RequestDelegate.swift in Sources */,
				30FC698128E71965004DD3CD /* UIColor++.swift in Sources */,
				30B13FCC28E7E04500051A3E /* DashboardViewController.swift in Sources */,
				30C11DCA28E759D60075B29B /* MockData.swift in Sources */,
				30FC699128E73E95004DD3CD /* URLRequest++.swift in Sources */,
			);
			runOnlyForDeploymentPostprocessing = 0;
		};
		3085B99128E4A327005A3B7C /* Sources */ = {
			isa = PBXSourcesBuildPhase;
			buildActionMask = 2147483647;
			files = (
				3085B99A28E4A327005A3B7C /* Tantei_sanTests.swift in Sources */,
			);
			runOnlyForDeploymentPostprocessing = 0;
		};
		3085B99B28E4A327005A3B7C /* Sources */ = {
			isa = PBXSourcesBuildPhase;
			buildActionMask = 2147483647;
			files = (
				3085B9A628E4A327005A3B7C /* Tantei_sanUITestsLaunchTests.swift in Sources */,
				3085B9A428E4A327005A3B7C /* Tantei_sanUITests.swift in Sources */,
			);
			runOnlyForDeploymentPostprocessing = 0;
		};
/* End PBXSourcesBuildPhase section */

/* Begin PBXTargetDependency section */
		3085B99728E4A327005A3B7C /* PBXTargetDependency */ = {
			isa = PBXTargetDependency;
			target = 3085B97E28E4A31F005A3B7C /* Tantei-san */;
			targetProxy = 3085B99628E4A327005A3B7C /* PBXContainerItemProxy */;
		};
		3085B9A128E4A327005A3B7C /* PBXTargetDependency */ = {
			isa = PBXTargetDependency;
			target = 3085B97E28E4A31F005A3B7C /* Tantei-san */;
			targetProxy = 3085B9A028E4A327005A3B7C /* PBXContainerItemProxy */;
		};
/* End PBXTargetDependency section */

/* Begin PBXVariantGroup section */
		3085B9E928E4BEED005A3B7C /* LaunchScreen.storyboard */ = {
			isa = PBXVariantGroup;
			children = (
				3085B9EA28E4BEED005A3B7C /* Base */,
			);
			name = LaunchScreen.storyboard;
			sourceTree = "<group>";
		};
/* End PBXVariantGroup section */

/* Begin XCBuildConfiguration section */
		3085B9A728E4A327005A3B7C /* Debug */ = {
			isa = XCBuildConfiguration;
			buildSettings = {
				ALWAYS_SEARCH_USER_PATHS = NO;
				CLANG_ANALYZER_NONNULL = YES;
				CLANG_ANALYZER_NUMBER_OBJECT_CONVERSION = YES_AGGRESSIVE;
				CLANG_CXX_LANGUAGE_STANDARD = "gnu++17";
				CLANG_ENABLE_MODULES = YES;
				CLANG_ENABLE_OBJC_ARC = YES;
				CLANG_ENABLE_OBJC_WEAK = YES;
				CLANG_WARN_BLOCK_CAPTURE_AUTORELEASING = YES;
				CLANG_WARN_BOOL_CONVERSION = YES;
				CLANG_WARN_COMMA = YES;
				CLANG_WARN_CONSTANT_CONVERSION = YES;
				CLANG_WARN_DEPRECATED_OBJC_IMPLEMENTATIONS = YES;
				CLANG_WARN_DIRECT_OBJC_ISA_USAGE = YES_ERROR;
				CLANG_WARN_DOCUMENTATION_COMMENTS = YES;
				CLANG_WARN_EMPTY_BODY = YES;
				CLANG_WARN_ENUM_CONVERSION = YES;
				CLANG_WARN_INFINITE_RECURSION = YES;
				CLANG_WARN_INT_CONVERSION = YES;
				CLANG_WARN_NON_LITERAL_NULL_CONVERSION = YES;
				CLANG_WARN_OBJC_IMPLICIT_RETAIN_SELF = YES;
				CLANG_WARN_OBJC_LITERAL_CONVERSION = YES;
				CLANG_WARN_OBJC_ROOT_CLASS = YES_ERROR;
				CLANG_WARN_QUOTED_INCLUDE_IN_FRAMEWORK_HEADER = YES;
				CLANG_WARN_RANGE_LOOP_ANALYSIS = YES;
				CLANG_WARN_STRICT_PROTOTYPES = YES;
				CLANG_WARN_SUSPICIOUS_MOVE = YES;
				CLANG_WARN_UNGUARDED_AVAILABILITY = YES_AGGRESSIVE;
				CLANG_WARN_UNREACHABLE_CODE = YES;
				CLANG_WARN__DUPLICATE_METHOD_MATCH = YES;
				COPY_PHASE_STRIP = NO;
				DEBUG_INFORMATION_FORMAT = dwarf;
				ENABLE_STRICT_OBJC_MSGSEND = YES;
				ENABLE_TESTABILITY = YES;
				GCC_C_LANGUAGE_STANDARD = gnu11;
				GCC_DYNAMIC_NO_PIC = NO;
				GCC_NO_COMMON_BLOCKS = YES;
				GCC_OPTIMIZATION_LEVEL = 0;
				GCC_PREPROCESSOR_DEFINITIONS = (
					"DEBUG=1",
					"$(inherited)",
				);
				GCC_WARN_64_TO_32_BIT_CONVERSION = YES;
				GCC_WARN_ABOUT_RETURN_TYPE = YES_ERROR;
				GCC_WARN_UNDECLARED_SELECTOR = YES;
				GCC_WARN_UNINITIALIZED_AUTOS = YES_AGGRESSIVE;
				GCC_WARN_UNUSED_FUNCTION = YES;
				GCC_WARN_UNUSED_VARIABLE = YES;
				IPHONEOS_DEPLOYMENT_TARGET = 13.0;
				MTL_ENABLE_DEBUG_INFO = INCLUDE_SOURCE;
				MTL_FAST_MATH = YES;
				ONLY_ACTIVE_ARCH = YES;
				SDKROOT = iphoneos;
				SWIFT_ACTIVE_COMPILATION_CONDITIONS = DEBUG;
				SWIFT_OPTIMIZATION_LEVEL = "-Onone";
			};
			name = Debug;
		};
		3085B9A828E4A327005A3B7C /* Release */ = {
			isa = XCBuildConfiguration;
			buildSettings = {
				ALWAYS_SEARCH_USER_PATHS = NO;
				CLANG_ANALYZER_NONNULL = YES;
				CLANG_ANALYZER_NUMBER_OBJECT_CONVERSION = YES_AGGRESSIVE;
				CLANG_CXX_LANGUAGE_STANDARD = "gnu++17";
				CLANG_ENABLE_MODULES = YES;
				CLANG_ENABLE_OBJC_ARC = YES;
				CLANG_ENABLE_OBJC_WEAK = YES;
				CLANG_WARN_BLOCK_CAPTURE_AUTORELEASING = YES;
				CLANG_WARN_BOOL_CONVERSION = YES;
				CLANG_WARN_COMMA = YES;
				CLANG_WARN_CONSTANT_CONVERSION = YES;
				CLANG_WARN_DEPRECATED_OBJC_IMPLEMENTATIONS = YES;
				CLANG_WARN_DIRECT_OBJC_ISA_USAGE = YES_ERROR;
				CLANG_WARN_DOCUMENTATION_COMMENTS = YES;
				CLANG_WARN_EMPTY_BODY = YES;
				CLANG_WARN_ENUM_CONVERSION = YES;
				CLANG_WARN_INFINITE_RECURSION = YES;
				CLANG_WARN_INT_CONVERSION = YES;
				CLANG_WARN_NON_LITERAL_NULL_CONVERSION = YES;
				CLANG_WARN_OBJC_IMPLICIT_RETAIN_SELF = YES;
				CLANG_WARN_OBJC_LITERAL_CONVERSION = YES;
				CLANG_WARN_OBJC_ROOT_CLASS = YES_ERROR;
				CLANG_WARN_QUOTED_INCLUDE_IN_FRAMEWORK_HEADER = YES;
				CLANG_WARN_RANGE_LOOP_ANALYSIS = YES;
				CLANG_WARN_STRICT_PROTOTYPES = YES;
				CLANG_WARN_SUSPICIOUS_MOVE = YES;
				CLANG_WARN_UNGUARDED_AVAILABILITY = YES_AGGRESSIVE;
				CLANG_WARN_UNREACHABLE_CODE = YES;
				CLANG_WARN__DUPLICATE_METHOD_MATCH = YES;
				COPY_PHASE_STRIP = NO;
				DEBUG_INFORMATION_FORMAT = "dwarf-with-dsym";
				ENABLE_NS_ASSERTIONS = NO;
				ENABLE_STRICT_OBJC_MSGSEND = YES;
				GCC_C_LANGUAGE_STANDARD = gnu11;
				GCC_NO_COMMON_BLOCKS = YES;
				GCC_WARN_64_TO_32_BIT_CONVERSION = YES;
				GCC_WARN_ABOUT_RETURN_TYPE = YES_ERROR;
				GCC_WARN_UNDECLARED_SELECTOR = YES;
				GCC_WARN_UNINITIALIZED_AUTOS = YES_AGGRESSIVE;
				GCC_WARN_UNUSED_FUNCTION = YES;
				GCC_WARN_UNUSED_VARIABLE = YES;
				IPHONEOS_DEPLOYMENT_TARGET = 13.0;
				MTL_ENABLE_DEBUG_INFO = NO;
				MTL_FAST_MATH = YES;
				SDKROOT = iphoneos;
				SWIFT_COMPILATION_MODE = wholemodule;
				SWIFT_OPTIMIZATION_LEVEL = "-O";
				VALIDATE_PRODUCT = YES;
			};
			name = Release;
		};
		3085B9AA28E4A327005A3B7C /* Debug */ = {
			isa = XCBuildConfiguration;
			buildSettings = {
				ASSETCATALOG_COMPILER_APPICON_NAME = AppIcon;
				ASSETCATALOG_COMPILER_GLOBAL_ACCENT_COLOR_NAME = AccentColor;
				CODE_SIGN_STYLE = Automatic;
				CURRENT_PROJECT_VERSION = 1;
				DEVELOPMENT_TEAM = R3YTGATP9H;
				GENERATE_INFOPLIST_FILE = YES;
				INFOPLIST_FILE = "Tantei-san/Info.plist";
				INFOPLIST_KEY_UIApplicationSupportsIndirectInputEvents = YES;
				INFOPLIST_KEY_UILaunchStoryboardName = LaunchScreen;
				INFOPLIST_KEY_UISupportedInterfaceOrientations_iPad = "UIInterfaceOrientationPortrait UIInterfaceOrientationPortraitUpsideDown UIInterfaceOrientationLandscapeLeft UIInterfaceOrientationLandscapeRight";
				INFOPLIST_KEY_UISupportedInterfaceOrientations_iPhone = "UIInterfaceOrientationPortrait UIInterfaceOrientationLandscapeLeft UIInterfaceOrientationLandscapeRight";
				LD_RUNPATH_SEARCH_PATHS = (
					"$(inherited)",
					"@executable_path/Frameworks",
				);
				MARKETING_VERSION = 1.0;
				PRODUCT_BUNDLE_IDENTIFIER = "com.cprjk.Tantei-san";
				PRODUCT_NAME = "$(TARGET_NAME)";
				SWIFT_EMIT_LOC_STRINGS = YES;
				SWIFT_VERSION = 5.0;
				TARGETED_DEVICE_FAMILY = "1,2";
			};
			name = Debug;
		};
		3085B9AB28E4A327005A3B7C /* Release */ = {
			isa = XCBuildConfiguration;
			buildSettings = {
				ASSETCATALOG_COMPILER_APPICON_NAME = AppIcon;
				ASSETCATALOG_COMPILER_GLOBAL_ACCENT_COLOR_NAME = AccentColor;
				CODE_SIGN_STYLE = Automatic;
				CURRENT_PROJECT_VERSION = 1;
				DEVELOPMENT_TEAM = R3YTGATP9H;
				GENERATE_INFOPLIST_FILE = YES;
				INFOPLIST_FILE = "Tantei-san/Info.plist";
				INFOPLIST_KEY_UIApplicationSupportsIndirectInputEvents = YES;
				INFOPLIST_KEY_UILaunchStoryboardName = LaunchScreen;
				INFOPLIST_KEY_UISupportedInterfaceOrientations_iPad = "UIInterfaceOrientationPortrait UIInterfaceOrientationPortraitUpsideDown UIInterfaceOrientationLandscapeLeft UIInterfaceOrientationLandscapeRight";
				INFOPLIST_KEY_UISupportedInterfaceOrientations_iPhone = "UIInterfaceOrientationPortrait UIInterfaceOrientationLandscapeLeft UIInterfaceOrientationLandscapeRight";
				LD_RUNPATH_SEARCH_PATHS = (
					"$(inherited)",
					"@executable_path/Frameworks",
				);
				MARKETING_VERSION = 1.0;
				PRODUCT_BUNDLE_IDENTIFIER = "com.cprjk.Tantei-san";
				PRODUCT_NAME = "$(TARGET_NAME)";
				SWIFT_EMIT_LOC_STRINGS = YES;
				SWIFT_VERSION = 5.0;
				TARGETED_DEVICE_FAMILY = "1,2";
			};
			name = Release;
		};
		3085B9AD28E4A327005A3B7C /* Debug */ = {
			isa = XCBuildConfiguration;
			buildSettings = {
				ALWAYS_EMBED_SWIFT_STANDARD_LIBRARIES = YES;
				BUNDLE_LOADER = "$(TEST_HOST)";
				CODE_SIGN_STYLE = Automatic;
				CURRENT_PROJECT_VERSION = 1;
				DEVELOPMENT_TEAM = R3YTGATP9H;
				GENERATE_INFOPLIST_FILE = YES;
				IPHONEOS_DEPLOYMENT_TARGET = 15.5;
				MARKETING_VERSION = 1.0;
				PRODUCT_BUNDLE_IDENTIFIER = "com.cprjk.Tantei-sanTests";
				PRODUCT_NAME = "$(TARGET_NAME)";
				SWIFT_EMIT_LOC_STRINGS = NO;
				SWIFT_VERSION = 5.0;
				TARGETED_DEVICE_FAMILY = "1,2";
				TEST_HOST = "$(BUILT_PRODUCTS_DIR)/Tantei-san.app/Tantei-san";
			};
			name = Debug;
		};
		3085B9AE28E4A327005A3B7C /* Release */ = {
			isa = XCBuildConfiguration;
			buildSettings = {
				ALWAYS_EMBED_SWIFT_STANDARD_LIBRARIES = YES;
				BUNDLE_LOADER = "$(TEST_HOST)";
				CODE_SIGN_STYLE = Automatic;
				CURRENT_PROJECT_VERSION = 1;
				DEVELOPMENT_TEAM = R3YTGATP9H;
				GENERATE_INFOPLIST_FILE = YES;
				IPHONEOS_DEPLOYMENT_TARGET = 15.5;
				MARKETING_VERSION = 1.0;
				PRODUCT_BUNDLE_IDENTIFIER = "com.cprjk.Tantei-sanTests";
				PRODUCT_NAME = "$(TARGET_NAME)";
				SWIFT_EMIT_LOC_STRINGS = NO;
				SWIFT_VERSION = 5.0;
				TARGETED_DEVICE_FAMILY = "1,2";
				TEST_HOST = "$(BUILT_PRODUCTS_DIR)/Tantei-san.app/Tantei-san";
			};
			name = Release;
		};
		3085B9B028E4A327005A3B7C /* Debug */ = {
			isa = XCBuildConfiguration;
			buildSettings = {
				ALWAYS_EMBED_SWIFT_STANDARD_LIBRARIES = YES;
				CODE_SIGN_STYLE = Automatic;
				CURRENT_PROJECT_VERSION = 1;
				DEVELOPMENT_TEAM = R3YTGATP9H;
				GENERATE_INFOPLIST_FILE = YES;
				MARKETING_VERSION = 1.0;
				PRODUCT_BUNDLE_IDENTIFIER = "com.cprjk.Tantei-sanUITests";
				PRODUCT_NAME = "$(TARGET_NAME)";
				SWIFT_EMIT_LOC_STRINGS = NO;
				SWIFT_VERSION = 5.0;
				TARGETED_DEVICE_FAMILY = "1,2";
				TEST_TARGET_NAME = "Tantei-san";
			};
			name = Debug;
		};
		3085B9B128E4A327005A3B7C /* Release */ = {
			isa = XCBuildConfiguration;
			buildSettings = {
				ALWAYS_EMBED_SWIFT_STANDARD_LIBRARIES = YES;
				CODE_SIGN_STYLE = Automatic;
				CURRENT_PROJECT_VERSION = 1;
				DEVELOPMENT_TEAM = R3YTGATP9H;
				GENERATE_INFOPLIST_FILE = YES;
				MARKETING_VERSION = 1.0;
				PRODUCT_BUNDLE_IDENTIFIER = "com.cprjk.Tantei-sanUITests";
				PRODUCT_NAME = "$(TARGET_NAME)";
				SWIFT_EMIT_LOC_STRINGS = NO;
				SWIFT_VERSION = 5.0;
				TARGETED_DEVICE_FAMILY = "1,2";
				TEST_TARGET_NAME = "Tantei-san";
			};
			name = Release;
		};
/* End XCBuildConfiguration section */

/* Begin XCConfigurationList section */
		3085B97A28E4A31F005A3B7C /* Build configuration list for PBXProject "Tantei-san" */ = {
			isa = XCConfigurationList;
			buildConfigurations = (
				3085B9A728E4A327005A3B7C /* Debug */,
				3085B9A828E4A327005A3B7C /* Release */,
			);
			defaultConfigurationIsVisible = 0;
			defaultConfigurationName = Release;
		};
		3085B9A928E4A327005A3B7C /* Build configuration list for PBXNativeTarget "Tantei-san" */ = {
			isa = XCConfigurationList;
			buildConfigurations = (
				3085B9AA28E4A327005A3B7C /* Debug */,
				3085B9AB28E4A327005A3B7C /* Release */,
			);
			defaultConfigurationIsVisible = 0;
			defaultConfigurationName = Release;
		};
		3085B9AC28E4A327005A3B7C /* Build configuration list for PBXNativeTarget "Tantei-sanTests" */ = {
			isa = XCConfigurationList;
			buildConfigurations = (
				3085B9AD28E4A327005A3B7C /* Debug */,
				3085B9AE28E4A327005A3B7C /* Release */,
			);
			defaultConfigurationIsVisible = 0;
			defaultConfigurationName = Release;
		};
		3085B9AF28E4A327005A3B7C /* Build configuration list for PBXNativeTarget "Tantei-sanUITests" */ = {
			isa = XCConfigurationList;
			buildConfigurations = (
				3085B9B028E4A327005A3B7C /* Debug */,
				3085B9B128E4A327005A3B7C /* Release */,
			);
			defaultConfigurationIsVisible = 0;
			defaultConfigurationName = Release;
		};
/* End XCConfigurationList section */

/* Begin XCRemoteSwiftPackageReference section */
		3085B9CD28E4A960005A3B7C /* XCRemoteSwiftPackageReference "SnapKit" */ = {
			isa = XCRemoteSwiftPackageReference;
			repositoryURL = "https://github.com/SnapKit/SnapKit.git";
			requirement = {
				kind = upToNextMajorVersion;
				minimumVersion = 5.0.1;
			};
		};
		3085B9D328E4AB0D005A3B7C /* XCRemoteSwiftPackageReference "Kingfisher" */ = {
			isa = XCRemoteSwiftPackageReference;
			repositoryURL = "https://github.com/onevcat/Kingfisher.git";
			requirement = {
				kind = upToNextMajorVersion;
				minimumVersion = 7.0.0;
			};
		};
		30B13FC728E7DF3000051A3E /* XCRemoteSwiftPackageReference "KingfisherWebP" */ = {
			isa = XCRemoteSwiftPackageReference;
			repositoryURL = "https://github.com/Yeatse/KingfisherWebP.git";
			requirement = {
				kind = upToNextMajorVersion;
				minimumVersion = 1.4.0;
			};
		};
/* End XCRemoteSwiftPackageReference section */

/* Begin XCSwiftPackageProductDependency section */
		3085B9CE28E4A960005A3B7C /* SnapKit */ = {
			isa = XCSwiftPackageProductDependency;
			package = 3085B9CD28E4A960005A3B7C /* XCRemoteSwiftPackageReference "SnapKit" */;
			productName = SnapKit;
		};
		3085B9D428E4AB0D005A3B7C /* Kingfisher */ = {
			isa = XCSwiftPackageProductDependency;
			package = 3085B9D328E4AB0D005A3B7C /* XCRemoteSwiftPackageReference "Kingfisher" */;
			productName = Kingfisher;
		};
		30B13FC828E7DF3000051A3E /* KingfisherWebP */ = {
			isa = XCSwiftPackageProductDependency;
			package = 30B13FC728E7DF3000051A3E /* XCRemoteSwiftPackageReference "KingfisherWebP" */;
			productName = KingfisherWebP;
		};
/* End XCSwiftPackageProductDependency section */
	};
	rootObject = 3085B97728E4A31F005A3B7C /* Project object */;
}
